{
  "name": "d3",
  "version": "1.0.0",
  "lockfileVersion": 1,
  "requires": true,
  "dependencies": {
    "d3-axis": {
      "version": "1.0.12",
      "resolved": "https://registry.npmjs.org/d3-axis/-/d3-axis-1.0.12.tgz",
      "integrity": "sha512-ejINPfPSNdGFKEOAtnBtdkpr24c4d4jsei6Lg98mxf424ivoDP2956/5HDpIAtmHo85lqT4pruy+zEgvRUBqaQ=="
    }
  }
}
